
Microsoft Visual Studio Solution File, Format Version 11.00
# Visual Studio 2010
Project("{8BC9CEB8-8B4A-11D0-8D11-00A0C91BC942}") = "Test", "Test\Test.vcxproj", "{C2AB0BA0-3969-4E47-AE50-2E20F1B3F852}"
EndProject
Project("{8BC9CEB8-8B4A-11D0-8D11-00A0C91BC942}") = "Test1", "Test1\Test1.vcxproj", "{8DB46094-64F7-4E34-8FE1-12A0444EFF0A}"
EndProject
Global
	GlobalSection(SolutionConfigurationPlatforms) = preSolution
		Debug|Win32 = Debug|Win32
		Release|Win32 = Release|Win32
	EndGlobalSection
	GlobalSection(ProjectConfigurationPlatforms) = postSolution
		{C2AB0BA0-3969-4E47-AE50-2E20F1B3F852}.Debug|Win32.ActiveCfg = Debug|Win32
		{C2AB0BA0-3969-4E47-AE50-2E20F1B3F852}.Debug|Win32.Build.0 = Debug|Win32
		{C2AB0BA0-3969-4E47-AE50-2E20F1B3F852}.Release|Win32.ActiveCfg = Release|Win32
		{C2AB0BA0-3969-4E47-AE50-2E20F1B3F852}.Release|Win32.Build.0 = Release|Win32
		{8DB46094-64F7-4E34-8FE1-12A0444EFF0A}.Debug|Win32.ActiveCfg = Debug|Win32
		{8DB46094-64F7-4E34-8FE1-12A0444EFF0A}.Debug|Win32.Build.0 = Debug|Win32
		{8DB46094-64F7-4E34-8FE1-12A0444EFF0A}.Release|Win32.ActiveCfg = Release|Win32
		{8DB46094-64F7-4E34-8FE1-12A0444EFF0A}.Release|Win32.Build.0 = Release|Win32
	EndGlobalSection
	GlobalSection(SolutionProperties) = preSolution
		HideSolutionNode = FALSE
	EndGlobalSection
EndGlobal
